{
  "name": "grasshopper-loader",
  "version": "0.0.1",
  "dependencies": {
    "aws-auto-auth": {
      "version": "0.1.1",
      "from": "aws-auto-auth@0.1.1"
    },
    "aws-sdk": {
      "version": "2.1.21",
      "from": "aws-sdk@*",
      "resolved": "https://registry.npmjs.org/aws-sdk/-/aws-sdk-2.1.21.tgz",
      "dependencies": {
        "xml2js": {
          "version": "0.2.6",
          "from": "xml2js@0.2.6",
          "resolved": "https://registry.npmjs.org/xml2js/-/xml2js-0.2.6.tgz",
          "dependencies": {
            "sax": {
              "version": "0.4.2",
              "from": "sax@0.4.2",
              "resolved": "https://registry.npmjs.org/sax/-/sax-0.4.2.tgz"
            }
          }
        },
        "xmlbuilder": {
          "version": "0.4.2",
          "from": "xmlbuilder@0.4.2",
          "resolved": "https://registry.npmjs.org/xmlbuilder/-/xmlbuilder-0.4.2.tgz"
        }
      }
    },
    "commander": {
      "version": "2.7.1",
      "from": "commander@2.7.1",
      "resolved": "https://registry.npmjs.org/commander/-/commander-2.7.1.tgz",
      "dependencies": {
        "graceful-readlink": {
          "version": "1.0.1",
          "from": "graceful-readlink@>=1.0.0",
          "resolved": "https://registry.npmjs.org/graceful-readlink/-/graceful-readlink-1.0.1.tgz"
        }
      }
    },
    "csv-parse": {
      "version": "0.1.3",
      "from": "csv-parse@*",
      "resolved": "https://registry.npmjs.org/csv-parse/-/csv-parse-0.1.3.tgz"
    },
    "elasticsearch": {
      "version": "3.1.3",
      "from": "elasticsearch@>=3.0.2 <4.0.0",
      "resolved": "https://registry.npmjs.org/elasticsearch/-/elasticsearch-3.1.3.tgz",
      "dependencies": {
        "chalk": {
          "version": "0.5.1",
          "from": "chalk@0.5.1",
          "resolved": "https://registry.npmjs.org/chalk/-/chalk-0.5.1.tgz",
          "dependencies": {
            "ansi-styles": {
              "version": "1.1.0",
              "from": "ansi-styles@>=1.1.0 <2.0.0",
              "resolved": "https://registry.npmjs.org/ansi-styles/-/ansi-styles-1.1.0.tgz"
            },
            "escape-string-regexp": {
              "version": "1.0.3",
              "from": "escape-string-regexp@>=1.0.0 <2.0.0",
              "resolved": "https://registry.npmjs.org/escape-string-regexp/-/escape-string-regexp-1.0.3.tgz"
            },
            "has-ansi": {
              "version": "0.1.0",
              "from": "has-ansi@>=0.1.0 <0.2.0",
              "resolved": "https://registry.npmjs.org/has-ansi/-/has-ansi-0.1.0.tgz",
              "dependencies": {
                "ansi-regex": {
                  "version": "0.2.1",
                  "from": "ansi-regex@>=0.2.1 <0.3.0",
                  "resolved": "https://registry.npmjs.org/ansi-regex/-/ansi-regex-0.2.1.tgz"
                }
              }
            },
            "strip-ansi": {
              "version": "0.3.0",
              "from": "strip-ansi@>=0.3.0 <0.4.0",
              "resolved": "https://registry.npmjs.org/strip-ansi/-/strip-ansi-0.3.0.tgz",
              "dependencies": {
                "ansi-regex": {
                  "version": "0.2.1",
                  "from": "ansi-regex@>=0.2.1 <0.3.0",
                  "resolved": "https://registry.npmjs.org/ansi-regex/-/ansi-regex-0.2.1.tgz"
                }
              }
            },
            "supports-color": {
              "version": "0.2.0",
              "from": "supports-color@>=0.2.0 <0.3.0",
              "resolved": "https://registry.npmjs.org/supports-color/-/supports-color-0.2.0.tgz"
            }
          }
        },
        "bluebird": {
          "version": "2.8.2",
          "from": "bluebird@2.8.2",
          "resolved": "https://registry.npmjs.org/bluebird/-/bluebird-2.8.2.tgz"
        },
        "forever-agent": {
          "version": "0.5.2",
          "from": "forever-agent@>=0.5.2 <0.6.0",
          "resolved": "https://registry.npmjs.org/forever-agent/-/forever-agent-0.5.2.tgz"
        },
        "lodash": {
          "version": "3.5.0",
          "from": "lodash@3.5.0",
          "resolved": "https://registry.npmjs.org/lodash/-/lodash-3.5.0.tgz"
        },
        "lodash-node": {
          "version": "2.4.1",
          "from": "lodash-node@2.4.1",
          "resolved": "https://registry.npmjs.org/lodash-node/-/lodash-node-2.4.1.tgz"
        }
      }
    },
    "fs-extra": {
      "version": "0.20.0",
      "from": "fs-extra@*",
      "resolved": "https://registry.npmjs.org/fs-extra/-/fs-extra-0.20.0.tgz",
      "dependencies": {
        "graceful-fs": {
          "version": "3.0.8",
          "from": "graceful-fs@>=3.0.5 <4.0.0",
          "resolved": "https://registry.npmjs.org/graceful-fs/-/graceful-fs-3.0.8.tgz"
        },
        "jsonfile": {
          "version": "2.1.1",
          "from": "jsonfile@>=2.1.0 <3.0.0",
          "resolved": "https://registry.npmjs.org/jsonfile/-/jsonfile-2.1.1.tgz"
        }
      }
    },
    "hyperquest": {
      "version": "1.2.0",
      "from": "hyperquest@*",
      "resolved": "https://registry.npmjs.org/hyperquest/-/hyperquest-1.2.0.tgz",
      "dependencies": {
        "duplexer2": {
          "version": "0.0.2",
          "from": "duplexer2@>=0.0.2 <0.1.0",
          "resolved": "https://registry.npmjs.org/duplexer2/-/duplexer2-0.0.2.tgz",
          "dependencies": {
            "readable-stream": {
              "version": "1.1.13",
              "from": "readable-stream@>=1.1.9 <1.2.0",
              "resolved": "https://registry.npmjs.org/readable-stream/-/readable-stream-1.1.13.tgz",
              "dependencies": {
                "core-util-is": {
                  "version": "1.0.1",
                  "from": "core-util-is@>=1.0.0 <1.1.0",
                  "resolved": "https://registry.npmjs.org/core-util-is/-/core-util-is-1.0.1.tgz"
                },
                "isarray": {
                  "version": "0.0.1",
                  "from": "isarray@0.0.1",
                  "resolved": "https://registry.npmjs.org/isarray/-/isarray-0.0.1.tgz"
                },
                "string_decoder": {
                  "version": "0.10.31",
                  "from": "string_decoder@>=0.10.0 <0.11.0",
                  "resolved": "https://registry.npmjs.org/string_decoder/-/string_decoder-0.10.31.tgz"
                }
              }
            }
          }
        },
        "through2": {
          "version": "0.6.5",
          "from": "through2@>=0.6.3 <0.7.0",
          "resolved": "https://registry.npmjs.org/through2/-/through2-0.6.5.tgz",
          "dependencies": {
            "readable-stream": {
              "version": "1.0.33",
              "from": "readable-stream@>=1.0.33-1 <1.1.0-0",
              "resolved": "https://registry.npmjs.org/readable-stream/-/readable-stream-1.0.33.tgz",
              "dependencies": {
                "core-util-is": {
                  "version": "1.0.1",
                  "from": "core-util-is@>=1.0.0 <1.1.0",
                  "resolved": "https://registry.npmjs.org/core-util-is/-/core-util-is-1.0.1.tgz"
                },
                "isarray": {
                  "version": "0.0.1",
                  "from": "isarray@0.0.1",
                  "resolved": "https://registry.npmjs.org/isarray/-/isarray-0.0.1.tgz"
                },
                "string_decoder": {
                  "version": "0.10.31",
                  "from": "string_decoder@>=0.10.0 <0.11.0",
                  "resolved": "https://registry.npmjs.org/string_decoder/-/string_decoder-0.10.31.tgz"
                }
              }
            },
            "xtend": {
              "version": "4.0.0",
              "from": "xtend@>=4.0.0 <4.1.0-0",
              "resolved": "https://registry.npmjs.org/xtend/-/xtend-4.0.0.tgz"
            }
          }
        }
      }
    },
    "ignore": {
      "version": "2.2.15",
      "from": "ignore@*",
      "resolved": "https://registry.npmjs.org/ignore/-/ignore-2.2.15.tgz"
    },
    "inherits": {
      "version": "2.0.1",
      "from": "inherits@*",
      "resolved": "https://registry.npmjs.org/inherits/-/inherits-2.0.1.tgz"
    },
    "is-url": {
      "version": "1.2.0",
      "from": "is-url@*",
      "resolved": "https://registry.npmjs.org/is-url/-/is-url-1.2.0.tgz"
    },
    "isstream": {
      "version": "0.1.2",
      "from": "isstream@*",
      "resolved": "https://registry.npmjs.org/isstream/-/isstream-0.1.2.tgz"
    },
    "lump-stream": {
      "version": "0.0.2",
      "from": "lump-stream@0.0.2",
      "dependencies": {
        "inherits": {
          "version": "2.0.1",
          "from": "inherits@>=2.0.1 <3.0.0",
          "resolved": "https://registry.npmjs.org/inherits/-/inherits-2.0.1.tgz"
        },
        "readable-stream": {
          "version": "1.0.33",
          "from": "readable-stream@>=1.0.33 <2.0.0",
          "resolved": "https://registry.npmjs.org/readable-stream/-/readable-stream-1.0.33.tgz",
          "dependencies": {
            "core-util-is": {
              "version": "1.0.1",
              "from": "core-util-is@>=1.0.0 <1.1.0",
              "resolved": "https://registry.npmjs.org/core-util-is/-/core-util-is-1.0.1.tgz"
            },
            "isarray": {
              "version": "0.0.1",
              "from": "isarray@0.0.1",
              "resolved": "https://registry.npmjs.org/isarray/-/isarray-0.0.1.tgz"
            },
            "string_decoder": {
              "version": "0.10.31",
              "from": "string_decoder@>=0.10.0 <0.11.0",
              "resolved": "https://registry.npmjs.org/string_decoder/-/string_decoder-0.10.31.tgz"
            }
          }
        }
      }
    },
    "node-dir": {
      "version": "0.1.6",
      "from": "node-dir@*",
      "resolved": "https://registry.npmjs.org/node-dir/-/node-dir-0.1.6.tgz"
    },
    "pump": {
      "version": "1.0.0",
      "from": "pump@*",
      "resolved": "https://registry.npmjs.org/pump/-/pump-1.0.0.tgz",
      "dependencies": {
        "end-of-stream": {
          "version": "1.1.0",
          "from": "end-of-stream@>=1.1.0 <2.0.0",
          "resolved": "https://registry.npmjs.org/end-of-stream/-/end-of-stream-1.1.0.tgz"
        },
        "once": {
          "version": "1.3.2",
          "from": "once@>=1.3.1 <2.0.0",
          "resolved": "https://registry.npmjs.org/once/-/once-1.3.2.tgz",
          "dependencies": {
            "wrappy": {
              "version": "1.0.1",
              "from": "wrappy@>=1.0.0 <2.0.0",
              "resolved": "https://registry.npmjs.org/wrappy/-/wrappy-1.0.1.tgz"
            }
          }
        }
      }
    },
    "readable-stream": {
      "version": "2.0.1",
      "from": "readable-stream@>=2.0.0 <2.1.0",
      "resolved": "https://registry.npmjs.org/readable-stream/-/readable-stream-2.0.1.tgz",
      "dependencies": {
        "core-util-is": {
          "version": "1.0.1",
          "from": "core-util-is@>=1.0.0 <1.1.0",
          "resolved": "https://registry.npmjs.org/core-util-is/-/core-util-is-1.0.1.tgz"
        },
        "isarray": {
          "version": "0.0.1",
          "from": "isarray@0.0.1",
          "resolved": "https://registry.npmjs.org/isarray/-/isarray-0.0.1.tgz"
        },
        "process-nextick-args": {
          "version": "1.0.1",
          "from": "process-nextick-args@>=1.0.0 <1.1.0",
          "resolved": "https://registry.npmjs.org/process-nextick-args/-/process-nextick-args-1.0.1.tgz"
        },
        "string_decoder": {
          "version": "0.10.31",
          "from": "string_decoder@>=0.10.0 <0.11.0",
          "resolved": "https://registry.npmjs.org/string_decoder/-/string_decoder-0.10.31.tgz"
        },
        "util-deprecate": {
          "version": "1.0.1",
          "from": "util-deprecate@>=1.0.1 <1.1.0",
          "resolved": "https://registry.npmjs.org/util-deprecate/-/util-deprecate-1.0.1.tgz"
        }
      }
    },
    "rimraf": {
      "version": "2.3.2",
      "from": "https://registry.npmjs.org/rimraf/-/rimraf-2.3.2.tgz",
      "resolved": "https://registry.npmjs.org/rimraf/-/rimraf-2.3.2.tgz",
      "dependencies": {
        "glob": {
          "version": "4.5.3",
          "from": "https://registry.npmjs.org/glob/-/glob-4.5.3.tgz",
          "resolved": "https://registry.npmjs.org/glob/-/glob-4.5.3.tgz",
          "dependencies": {
            "inflight": {
              "version": "1.0.4",
              "from": "https://registry.npmjs.org/inflight/-/inflight-1.0.4.tgz",
              "resolved": "https://registry.npmjs.org/inflight/-/inflight-1.0.4.tgz",
              "dependencies": {
                "wrappy": {
                  "version": "1.0.1",
                  "from": "https://registry.npmjs.org/wrappy/-/wrappy-1.0.1.tgz",
                  "resolved": "https://registry.npmjs.org/wrappy/-/wrappy-1.0.1.tgz"
                }
              }
            },
            "minimatch": {
              "version": "2.0.4",
              "from": "https://registry.npmjs.org/minimatch/-/minimatch-2.0.4.tgz",
              "resolved": "https://registry.npmjs.org/minimatch/-/minimatch-2.0.4.tgz",
              "dependencies": {
                "brace-expansion": {
                  "version": "1.1.0",
                  "from": "https://registry.npmjs.org/brace-expansion/-/brace-expansion-1.1.0.tgz",
                  "resolved": "https://registry.npmjs.org/brace-expansion/-/brace-expansion-1.1.0.tgz",
                  "dependencies": {
                    "balanced-match": {
                      "version": "0.2.0",
                      "from": "https://registry.npmjs.org/balanced-match/-/balanced-match-0.2.0.tgz",
                      "resolved": "https://registry.npmjs.org/balanced-match/-/balanced-match-0.2.0.tgz"
                    },
                    "concat-map": {
                      "version": "0.0.1",
                      "from": "https://registry.npmjs.org/concat-map/-/concat-map-0.0.1.tgz",
                      "resolved": "https://registry.npmjs.org/concat-map/-/concat-map-0.0.1.tgz"
                    }
                  }
                }
              }
            },
            "once": {
              "version": "1.3.1",
              "from": "https://registry.npmjs.org/once/-/once-1.3.1.tgz",
              "resolved": "https://registry.npmjs.org/once/-/once-1.3.1.tgz",
              "dependencies": {
                "wrappy": {
                  "version": "1.0.1",
                  "from": "https://registry.npmjs.org/wrappy/-/wrappy-1.0.1.tgz",
                  "resolved": "https://registry.npmjs.org/wrappy/-/wrappy-1.0.1.tgz"
                }
              }
            }
          }
        }
      }
    },
    "split2": {
      "version": "1.0.0",
      "from": "split2@*",
      "resolved": "https://registry.npmjs.org/split2/-/split2-1.0.0.tgz",
      "dependencies": {
        "through2": {
          "version": "2.0.0",
          "from": "through2@>=2.0.0 <2.1.0",
          "resolved": "https://registry.npmjs.org/through2/-/through2-2.0.0.tgz",
          "dependencies": {
            "readable-stream": {
              "version": "2.0.1",
              "from": "readable-stream@>=2.0.0 <2.1.0",
              "resolved": "https://registry.npmjs.org/readable-stream/-/readable-stream-2.0.1.tgz",
              "dependencies": {
                "core-util-is": {
                  "version": "1.0.1",
                  "from": "core-util-is@>=1.0.0 <1.1.0",
                  "resolved": "https://registry.npmjs.org/core-util-is/-/core-util-is-1.0.1.tgz"
                },
                "isarray": {
                  "version": "0.0.1",
                  "from": "isarray@0.0.1",
                  "resolved": "https://registry.npmjs.org/isarray/-/isarray-0.0.1.tgz"
                },
                "process-nextick-args": {
                  "version": "1.0.1",
                  "from": "process-nextick-args@>=1.0.0 <1.1.0",
                  "resolved": "https://registry.npmjs.org/process-nextick-args/-/process-nextick-args-1.0.1.tgz"
                },
                "string_decoder": {
                  "version": "0.10.31",
                  "from": "string_decoder@>=0.10.0 <0.11.0",
                  "resolved": "https://registry.npmjs.org/string_decoder/-/string_decoder-0.10.31.tgz"
                },
                "util-deprecate": {
                  "version": "1.0.1",
                  "from": "util-deprecate@>=1.0.1 <1.1.0",
                  "resolved": "https://registry.npmjs.org/util-deprecate/-/util-deprecate-1.0.1.tgz"
                }
              }
            },
            "xtend": {
              "version": "4.0.0",
              "from": "xtend@>=4.0.0 <4.1.0",
              "resolved": "https://registry.npmjs.org/xtend/-/xtend-4.0.0.tgz"
            }
          }
        }
      }
    },
    "stream-stats": {
      "version": "0.7.0",
      "from": "stream-stats@>=0.0.0 <1.0.0"
    },
    "tape": {
      "version": "3.5.0",
      "from": "tape@*",
      "resolved": "https://registry.npmjs.org/tape/-/tape-3.5.0.tgz",
      "dependencies": {
        "deep-equal": {
          "version": "0.2.2",
          "from": "deep-equal@0.2.2",
          "resolved": "https://registry.npmjs.org/deep-equal/-/deep-equal-0.2.2.tgz"
        },
        "defined": {
          "version": "0.0.0",
          "from": "defined@>=0.0.0 <0.1.0",
          "resolved": "https://registry.npmjs.org/defined/-/defined-0.0.0.tgz"
        },
        "glob": {
          "version": "3.2.11",
          "from": "glob@3.2.11",
          "resolved": "https://registry.npmjs.org/glob/-/glob-3.2.11.tgz",
          "dependencies": {
            "minimatch": {
              "version": "0.3.0",
              "from": "minimatch@>=0.3.0 <0.4.0",
              "resolved": "https://registry.npmjs.org/minimatch/-/minimatch-0.3.0.tgz",
              "dependencies": {
                "lru-cache": {
                  "version": "2.5.0",
                  "from": "lru-cache@>=2.0.0 <3.0.0",
                  "resolved": "https://registry.npmjs.org/lru-cache/-/lru-cache-2.5.0.tgz"
                },
                "sigmund": {
                  "version": "1.0.0",
                  "from": "sigmund@>=1.0.0 <1.1.0",
                  "resolved": "https://registry.npmjs.org/sigmund/-/sigmund-1.0.0.tgz"
                }
              }
            }
          }
        },
        "inherits": {
          "version": "2.0.1",
          "from": "inherits@>=2.0.1 <2.1.0",
          "resolved": "https://registry.npmjs.org/inherits/-/inherits-2.0.1.tgz"
        },
        "object-inspect": {
          "version": "0.4.0",
          "from": "object-inspect@0.4.0",
          "resolved": "https://registry.npmjs.org/object-inspect/-/object-inspect-0.4.0.tgz"
        },
        "resumer": {
          "version": "0.0.0",
          "from": "resumer@>=0.0.0 <0.1.0",
          "resolved": "https://registry.npmjs.org/resumer/-/resumer-0.0.0.tgz"
        }
      }
    },
    "through": {
      "version": "2.3.6",
      "from": "through@*",
      "resolved": "https://registry.npmjs.org/through/-/through-2.3.6.tgz"
    },
    "turf-centroid": {
      "version": "1.1.2",
      "from": "turf-centroid@*",
      "resolved": "https://registry.npmjs.org/turf-centroid/-/turf-centroid-1.1.2.tgz",
      "dependencies": {
        "turf-meta": {
          "version": "1.0.2",
          "from": "turf-meta@>=1.0.2 <2.0.0",
          "resolved": "https://registry.npmjs.org/turf-meta/-/turf-meta-1.0.2.tgz"
        },
        "turf-point": {
          "version": "2.0.1",
          "from": "turf-point@>=2.0.0 <3.0.0",
          "resolved": "https://registry.npmjs.org/turf-point/-/turf-point-2.0.1.tgz",
          "dependencies": {
            "minimist": {
              "version": "1.1.1",
              "from": "minimist@>=1.1.0 <2.0.0",
              "resolved": "https://registry.npmjs.org/minimist/-/minimist-1.1.1.tgz"
            }
          }
        }
      }
    },
    "unzip": {
      "version": "0.1.11",
      "from": "unzip@*",
      "resolved": "https://registry.npmjs.org/unzip/-/unzip-0.1.11.tgz",
      "dependencies": {
        "fstream": {
          "version": "0.1.31",
          "from": "fstream@0.1.31",
          "resolved": "https://registry.npmjs.org/fstream/-/fstream-0.1.31.tgz",
          "dependencies": {
            "graceful-fs": {
              "version": "3.0.6",
              "from": "graceful-fs@>=3.0.2 <3.1.0",
              "resolved": "https://registry.npmjs.org/graceful-fs/-/graceful-fs-3.0.6.tgz"
            },
            "inherits": {
              "version": "2.0.1",
              "from": "inherits@>=2.0.1 <3.0.0",
              "resolved": "https://registry.npmjs.org/inherits/-/inherits-2.0.1.tgz"
            },
            "mkdirp": {
              "version": "0.5.0",
              "from": "mkdirp@>=0.5.0 <0.6.0",
              "resolved": "https://registry.npmjs.org/mkdirp/-/mkdirp-0.5.0.tgz",
              "dependencies": {
                "minimist": {
                  "version": "0.0.8",
                  "from": "minimist@0.0.8",
                  "resolved": "https://registry.npmjs.org/minimist/-/minimist-0.0.8.tgz"
                }
              }
            },
            "rimraf": {
              "version": "2.3.2",
              "from": "rimraf@>=2.0.0 <3.0.0",
              "resolved": "https://registry.npmjs.org/rimraf/-/rimraf-2.3.2.tgz",
              "dependencies": {
                "glob": {
                  "version": "4.5.3",
                  "from": "glob@>=4.4.2 <5.0.0",
                  "resolved": "https://registry.npmjs.org/glob/-/glob-4.5.3.tgz",
                  "dependencies": {
                    "inflight": {
                      "version": "1.0.4",
                      "from": "inflight@>=1.0.4 <2.0.0",
                      "resolved": "https://registry.npmjs.org/inflight/-/inflight-1.0.4.tgz",
                      "dependencies": {
                        "wrappy": {
                          "version": "1.0.1",
                          "from": "wrappy@>=1.0.0 <2.0.0",
                          "resolved": "https://registry.npmjs.org/wrappy/-/wrappy-1.0.1.tgz"
                        }
                      }
                    },
                    "minimatch": {
                      "version": "2.0.4",
                      "from": "minimatch@>=2.0.1 <3.0.0",
                      "resolved": "https://registry.npmjs.org/minimatch/-/minimatch-2.0.4.tgz",
                      "dependencies": {
                        "brace-expansion": {
                          "version": "1.1.0",
                          "from": "brace-expansion@>=1.0.0 <2.0.0",
                          "resolved": "https://registry.npmjs.org/brace-expansion/-/brace-expansion-1.1.0.tgz",
                          "dependencies": {
                            "balanced-match": {
                              "version": "0.2.0",
                              "from": "balanced-match@>=0.2.0 <0.3.0",
                              "resolved": "https://registry.npmjs.org/balanced-match/-/balanced-match-0.2.0.tgz"
                            },
                            "concat-map": {
                              "version": "0.0.1",
                              "from": "concat-map@0.0.1",
                              "resolved": "https://registry.npmjs.org/concat-map/-/concat-map-0.0.1.tgz"
                            }
                          }
                        }
                      }
                    },
                    "once": {
                      "version": "1.3.1",
                      "from": "once@>=1.3.0 <2.0.0",
                      "resolved": "https://registry.npmjs.org/once/-/once-1.3.1.tgz",
                      "dependencies": {
                        "wrappy": {
                          "version": "1.0.1",
                          "from": "wrappy@>=1.0.0 <2.0.0",
                          "resolved": "https://registry.npmjs.org/wrappy/-/wrappy-1.0.1.tgz"
                        }
                      }
                    }
                  }
                }
              }
            }
          }
        },
        "pullstream": {
          "version": "0.4.1",
          "from": "pullstream@>=0.4.1 <1.0.0",
          "resolved": "https://registry.npmjs.org/pullstream/-/pullstream-0.4.1.tgz",
          "dependencies": {
            "over": {
              "version": "0.0.5",
              "from": "over@>=0.0.5 <1.0.0",
              "resolved": "https://registry.npmjs.org/over/-/over-0.0.5.tgz"
            },
            "slice-stream": {
              "version": "1.0.0",
              "from": "slice-stream@>=1.0.0 <2.0.0",
              "resolved": "https://registry.npmjs.org/slice-stream/-/slice-stream-1.0.0.tgz"
            }
          }
        },
        "binary": {
          "version": "0.3.0",
          "from": "binary@>=0.3.0 <1.0.0",
          "resolved": "https://registry.npmjs.org/binary/-/binary-0.3.0.tgz",
          "dependencies": {
            "chainsaw": {
              "version": "0.1.0",
              "from": "chainsaw@>=0.1.0 <0.2.0",
              "resolved": "https://registry.npmjs.org/chainsaw/-/chainsaw-0.1.0.tgz",
              "dependencies": {
                "traverse": {
                  "version": "0.3.9",
                  "from": "traverse@0.3.9",
                  "resolved": "https://registry.npmjs.org/traverse/-/traverse-0.3.9.tgz"
                }
              }
            },
            "buffers": {
              "version": "0.1.1",
              "from": "buffers@>=0.1.1 <0.2.0",
              "resolved": "https://registry.npmjs.org/buffers/-/buffers-0.1.1.tgz"
            }
          }
        },
        "readable-stream": {
          "version": "1.0.33",
          "from": "readable-stream@>=1.0.31 <1.1.0",
          "resolved": "https://registry.npmjs.org/readable-stream/-/readable-stream-1.0.33.tgz",
          "dependencies": {
            "core-util-is": {
              "version": "1.0.1",
              "from": "core-util-is@>=1.0.0 <1.1.0",
              "resolved": "https://registry.npmjs.org/core-util-is/-/core-util-is-1.0.1.tgz"
            },
            "isarray": {
              "version": "0.0.1",
              "from": "isarray@0.0.1",
              "resolved": "https://registry.npmjs.org/isarray/-/isarray-0.0.1.tgz"
            },
            "string_decoder": {
              "version": "0.10.31",
              "from": "string_decoder@>=0.10.0 <0.11.0",
              "resolved": "https://registry.npmjs.org/string_decoder/-/string_decoder-0.10.31.tgz"
            },
            "inherits": {
              "version": "2.0.1",
              "from": "inherits@>=2.0.0 <2.1.0",
              "resolved": "https://registry.npmjs.org/inherits/-/inherits-2.0.1.tgz"
            }
          }
        },
        "setimmediate": {
          "version": "1.0.2",
          "from": "setimmediate@>=1.0.1 <2.0.0",
          "resolved": "https://registry.npmjs.org/setimmediate/-/setimmediate-1.0.2.tgz"
        },
        "match-stream": {
          "version": "0.0.2",
          "from": "match-stream@>=0.0.2 <1.0.0",
          "resolved": "https://registry.npmjs.org/match-stream/-/match-stream-0.0.2.tgz",
          "dependencies": {
            "buffers": {
              "version": "0.1.1",
              "from": "buffers@>=0.1.1 <0.2.0",
              "resolved": "https://registry.npmjs.org/buffers/-/buffers-0.1.1.tgz"
            }
          }
        }
      }
    },
    "us": {
      "version": "1.1.0",
      "from": "us@*",
      "resolved": "https://registry.npmjs.org/us/-/us-1.1.0.tgz"
    }
  }
}
